
Microsoft Visual Studio Solution File, Format Version 12.00
# Visual Studio Version 16
VisualStudioVersion = 16.0.30517.126
MinimumVisualStudioVersion = 10.0.40219.1
Project("{FAE04EC0-301F-11D3-BF4B-00C04F79EFBC}") = "stringcalckata.Test", "stringcalckata.Test.csproj", "{701344A3-AC23-4222-A418-C3230A0FBDD5}"
EndProject
Project("{FAE04EC0-301F-11D3-BF4B-00C04F79EFBC}") = "stringcalckata", "..\stringcalckata\stringcalckata.csproj", "{ADDE8A39-9A53-4967-BA5E-10C093403313}"
EndProject
Global
	GlobalSection(SolutionConfigurationPlatforms) = preSolution
		Debug|Any CPU = Debug|Any CPU
		Release|Any CPU = Release|Any CPU
	EndGlobalSection
	GlobalSection(ProjectConfigurationPlatforms) = postSolution
		{701344A3-AC23-4222-A418-C3230A0FBDD5}.Debug|Any CPU.ActiveCfg = Debug|Any CPU
		{701344A3-AC23-4222-A418-C3230A0FBDD5}.Debug|Any CPU.Build.0 = Debug|Any CPU
		{701344A3-AC23-4222-A418-C3230A0FBDD5}.Release|Any CPU.ActiveCfg = Release|Any CPU
		{701344A3-AC23-4222-A418-C3230A0FBDD5}.Release|Any CPU.Build.0 = Release|Any CPU
		{ADDE8A39-9A53-4967-BA5E-10C093403313}.Debug|Any CPU.ActiveCfg = Debug|Any CPU
		{ADDE8A39-9A53-4967-BA5E-10C093403313}.Debug|Any CPU.Build.0 = Debug|Any CPU
		{ADDE8A39-9A53-4967-BA5E-10C093403313}.Release|Any CPU.ActiveCfg = Release|Any CPU
		{ADDE8A39-9A53-4967-BA5E-10C093403313}.Release|Any CPU.Build.0 = Release|Any CPU
	EndGlobalSection
	GlobalSection(SolutionProperties) = preSolution
		HideSolutionNode = FALSE
	EndGlobalSection
	GlobalSection(ExtensibilityGlobals) = postSolution
		SolutionGuid = {DDF26397-C6BA-4F0F-8A9D-4F46CA688A05}
	EndGlobalSection
EndGlobal
